// !$*UTF8*$!
{
	archiveVersion = 1;
	classes = {
	};
	objectVersion = 50;
	objects = {

/* Begin PBXBuildFile section */
		56336F00269D300200392F42 /* EditTitleCell.swift in Sources */ = {isa = PBXBuildFile; fileRef = 56336EFF269D300200392F42 /* EditTitleCell.swift */; };
		56336F02269D30B600392F42 /* EditDateCell.swift in Sources */ = {isa = PBXBuildFile; fileRef = 56336F01269D30B600392F42 /* EditDateCell.swift */; };
		56336F04269D310500392F42 /* EditNotesCell.swift in Sources */ = {isa = PBXBuildFile; fileRef = 56336F03269D310500392F42 /* EditNotesCell.swift */; };
		56336F06269D381C00392F42 /* ReminderDetailEditDataSource.swift in Sources */ = {isa = PBXBuildFile; fileRef = 56336F05269D381C00392F42 /* ReminderDetailEditDataSource.swift */; };
		563D1F9E26983EEF00A93B78 /* AppDelegate.swift in Sources */ = {isa = PBXBuildFile; fileRef = 563D1F9D26983EEF00A93B78 /* AppDelegate.swift */; };
		563D1FA026983EEF00A93B78 /* SceneDelegate.swift in Sources */ = {isa = PBXBuildFile; fileRef = 563D1F9F26983EEF00A93B78 /* SceneDelegate.swift */; };
		563D1FA226983EEF00A93B78 /* ReminderListViewController.swift in Sources */ = {isa = PBXBuildFile; fileRef = 563D1FA126983EEF00A93B78 /* ReminderListViewController.swift */; };
		563D1FA526983EEF00A93B78 /* Main.storyboard in Resources */ = {isa = PBXBuildFile; fileRef = 563D1FA326983EEF00A93B78 /* Main.storyboard */; };
		563D1FA726983EF000A93B78 /* Assets.xcassets in Resources */ = {isa = PBXBuildFile; fileRef = 563D1FA626983EF000A93B78 /* Assets.xcassets */; };
		563D1FAA26983EF000A93B78 /* LaunchScreen.storyboard in Resources */ = {isa = PBXBuildFile; fileRef = 563D1FA826983EF000A93B78 /* LaunchScreen.storyboard */; };
		563D1FB3269844FD00A93B78 /* Reminder.swift in Sources */ = {isa = PBXBuildFile; fileRef = 563D1FB2269844FD00A93B78 /* Reminder.swift */; };
		563D1FB62698AA5200A93B78 /* ReminderListCell.swift in Sources */ = {isa = PBXBuildFile; fileRef = 563D1FB52698AA5200A93B78 /* ReminderListCell.swift */; };
		563D1FB92698B4FE00A93B78 /* ReminderDetailViewController.swift in Sources */ = {isa = PBXBuildFile; fileRef = 563D1FB82698B4FE00A93B78 /* ReminderDetailViewController.swift */; };
		563D1FBC2698C90300A93B78 /* ReminderListDataSource.swift in Sources */ = {isa = PBXBuildFile; fileRef = 563D1FBB2698C90300A93B78 /* ReminderListDataSource.swift */; };
		563D1FBE2698CCC800A93B78 /* ReminderDetailViewDataSource.swift in Sources */ = {isa = PBXBuildFile; fileRef = 563D1FBD2698CCC800A93B78 /* ReminderDetailViewDataSource.swift */; };
/* End PBXBuildFile section */

/* Begin PBXFileReference section */
		56336EFF269D300200392F42 /* EditTitleCell.swift */ = {isa = PBXFileReference; lastKnownFileType = sourcecode.swift; path = EditTitleCell.swift; sourceTree = "<group>"; };
		56336F01269D30B600392F42 /* EditDateCell.swift */ = {isa = PBXFileReference; lastKnownFileType = sourcecode.swift; path = EditDateCell.swift; sourceTree = "<group>"; };
		56336F03269D310500392F42 /* EditNotesCell.swift */ = {isa = PBXFileReference; lastKnownFileType = sourcecode.swift; path = EditNotesCell.swift; sourceTree = "<group>"; };
		56336F05269D381C00392F42 /* ReminderDetailEditDataSource.swift */ = {isa = PBXFileReference; lastKnownFileType = sourcecode.swift; path = ReminderDetailEditDataSource.swift; sourceTree = "<group>"; };
		563D1F9A26983EEF00A93B78 /* Today.app */ = {isa = PBXFileReference; explicitFileType = wrapper.application; includeInIndex = 0; path = Today.app; sourceTree = BUILT_PRODUCTS_DIR; };
		563D1F9D26983EEF00A93B78 /* AppDelegate.swift */ = {isa = PBXFileReference; lastKnownFileType = sourcecode.swift; path = AppDelegate.swift; sourceTree = "<group>"; };
		563D1F9F26983EEF00A93B78 /* SceneDelegate.swift */ = {isa = PBXFileReference; lastKnownFileType = sourcecode.swift; path = SceneDelegate.swift; sourceTree = "<group>"; };
		563D1FA126983EEF00A93B78 /* ReminderListViewController.swift */ = {isa = PBXFileReference; lastKnownFileType = sourcecode.swift; path = ReminderListViewController.swift; sourceTree = "<group>"; };
		563D1FA426983EEF00A93B78 /* Base */ = {isa = PBXFileReference; lastKnownFileType = file.storyboard; name = Base; path = Base.lproj/Main.storyboard; sourceTree = "<group>"; };
		563D1FA626983EF000A93B78 /* Assets.xcassets */ = {isa = PBXFileReference; lastKnownFileType = folder.assetcatalog; path = Assets.xcassets; sourceTree = "<group>"; };
		563D1FA926983EF000A93B78 /* Base */ = {isa = PBXFileReference; lastKnownFileType = file.storyboard; name = Base; path = Base.lproj/LaunchScreen.storyboard; sourceTree = "<group>"; };
		563D1FAB26983EF000A93B78 /* Info.plist */ = {isa = PBXFileReference; lastKnownFileType = text.plist.xml; path = Info.plist; sourceTree = "<group>"; };
		563D1FB2269844FD00A93B78 /* Reminder.swift */ = {isa = PBXFileReference; lastKnownFileType = sourcecode.swift; path = Reminder.swift; sourceTree = "<group>"; };
		563D1FB52698AA5200A93B78 /* ReminderListCell.swift */ = {isa = PBXFileReference; lastKnownFileType = sourcecode.swift; path = ReminderListCell.swift; sourceTree = "<group>"; };
		563D1FB82698B4FE00A93B78 /* ReminderDetailViewController.swift */ = {isa = PBXFileReference; lastKnownFileType = sourcecode.swift; path = ReminderDetailViewController.swift; sourceTree = "<group>"; };
		563D1FBB2698C90300A93B78 /* ReminderListDataSource.swift */ = {isa = PBXFileReference; lastKnownFileType = sourcecode.swift; path = ReminderListDataSource.swift; sourceTree = "<group>"; };
		563D1FBD2698CCC800A93B78 /* ReminderDetailViewDataSource.swift */ = {isa = PBXFileReference; lastKnownFileType = sourcecode.swift; path = ReminderDetailViewDataSource.swift; sourceTree = "<group>"; };
/* End PBXFileReference section */

/* Begin PBXFrameworksBuildPhase section */
		563D1F9726983EEF00A93B78 /* Frameworks */ = {
			isa = PBXFrameworksBuildPhase;
			buildActionMask = 2147483647;
			files = (
			);
			runOnlyForDeploymentPostprocessing = 0;
		};
/* End PBXFrameworksBuildPhase section */

/* Begin PBXGroup section */
		563D1F9126983EEF00A93B78 = {
			isa = PBXGroup;
			children = (
				563D1F9C26983EEF00A93B78 /* Today */,
				563D1F9B26983EEF00A93B78 /* Products */,
			);
			sourceTree = "<group>";
		};
		563D1F9B26983EEF00A93B78 /* Products */ = {
			isa = PBXGroup;
			children = (
				563D1F9A26983EEF00A93B78 /* Today.app */,
			);
			name = Products;
			sourceTree = "<group>";
		};
		563D1F9C26983EEF00A93B78 /* Today */ = {
			isa = PBXGroup;
			children = (
				563D1F9D26983EEF00A93B78 /* AppDelegate.swift */,
				563D1F9F26983EEF00A93B78 /* SceneDelegate.swift */,
				563D1FA126983EEF00A93B78 /* ReminderListViewController.swift */,
				563D1FB82698B4FE00A93B78 /* ReminderDetailViewController.swift */,
				563D1FBB2698C90300A93B78 /* ReminderListDataSource.swift */,
				563D1FBD2698CCC800A93B78 /* ReminderDetailViewDataSource.swift */,
				56336F05269D381C00392F42 /* ReminderDetailEditDataSource.swift */,
				563D1FB2269844FD00A93B78 /* Reminder.swift */,
				563D1FB42698AA1000A93B78 /* Views */,
				563D1FA326983EEF00A93B78 /* Main.storyboard */,
				563D1FA626983EF000A93B78 /* Assets.xcassets */,
				563D1FA826983EF000A93B78 /* LaunchScreen.storyboard */,
				563D1FAB26983EF000A93B78 /* Info.plist */,
			);
			path = Today;
			sourceTree = "<group>";
		};
		563D1FB42698AA1000A93B78 /* Views */ = {
			isa = PBXGroup;
			children = (
				563D1FB52698AA5200A93B78 /* ReminderListCell.swift */,
				56336EFF269D300200392F42 /* EditTitleCell.swift */,
				56336F01269D30B600392F42 /* EditDateCell.swift */,
				56336F03269D310500392F42 /* EditNotesCell.swift */,
			);
			path = Views;
			sourceTree = "<group>";
		};
/* End PBXGroup section */

/* Begin PBXNativeTarget section */
		563D1F9926983EEF00A93B78 /* Today */ = {
			isa = PBXNativeTarget;
			buildConfigurationList = 563D1FAE26983EF000A93B78 /* Build configuration list for PBXNativeTarget "Today" */;
			buildPhases = (
				563D1F9626983EEF00A93B78 /* Sources */,
				563D1F9726983EEF00A93B78 /* Frameworks */,
				563D1F9826983EEF00A93B78 /* Resources */,
			);
			buildRules = (
			);
			dependencies = (
			);
			name = Today;
			productName = Today;
			productReference = 563D1F9A26983EEF00A93B78 /* Today.app */;
			productType = "com.apple.product-type.application";
		};
/* End PBXNativeTarget section */

/* Begin PBXProject section */
		563D1F9226983EEF00A93B78 /* Project object */ = {
			isa = PBXProject;
			attributes = {
				LastSwiftUpdateCheck = 1250;
				LastUpgradeCheck = 1250;
				TargetAttributes = {
					563D1F9926983EEF00A93B78 = {
						CreatedOnToolsVersion = 12.5.1;
					};
				};
			};
			buildConfigurationList = 563D1F9526983EEF00A93B78 /* Build configuration list for PBXProject "Today" */;
			compatibilityVersion = "Xcode 9.3";
			developmentRegion = en;
			hasScannedForEncodings = 0;
			knownRegions = (
				en,
				Base,
			);
			mainGroup = 563D1F9126983EEF00A93B78;
			productRefGroup = 563D1F9B26983EEF00A93B78 /* Products */;
			projectDirPath = "";
			projectRoot = "";
			targets = (
				563D1F9926983EEF00A93B78 /* Today */,
			);
		};
/* End PBXProject section */

/* Begin PBXResourcesBuildPhase section */
		563D1F9826983EEF00A93B78 /* Resources */ = {
			isa = PBXResourcesBuildPhase;
			buildActionMask = 2147483647;
			files = (
				563D1FAA26983EF000A93B78 /* LaunchScreen.storyboard in Resources */,
				563D1FA726983EF000A93B78 /* Assets.xcassets in Resources */,
				563D1FA526983EEF00A93B78 /* Main.storyboard in Resources */,
			);
			runOnlyForDeploymentPostprocessing = 0;
		};
/* End PBXResourcesBuildPhase section */

/* Begin PBXSourcesBuildPhase section */
		563D1F9626983EEF00A93B78 /* Sources */ = {
			isa = PBXSourcesBuildPhase;
			buildActionMask = 2147483647;
			files = (
				563D1FA226983EEF00A93B78 /* ReminderListViewController.swift in Sources */,
				563D1FB62698AA5200A93B78 /* ReminderListCell.swift in Sources */,
				56336F00269D300200392F42 /* EditTitleCell.swift in Sources */,
				563D1F9E26983EEF00A93B78 /* AppDelegate.swift in Sources */,
				563D1FB92698B4FE00A93B78 /* ReminderDetailViewController.swift in Sources */,
				56336F06269D381C00392F42 /* ReminderDetailEditDataSource.swift in Sources */,
				563D1FBE2698CCC800A93B78 /* ReminderDetailViewDataSource.swift in Sources */,
				563D1FA026983EEF00A93B78 /* SceneDelegate.swift in Sources */,
				56336F04269D310500392F42 /* EditNotesCell.swift in Sources */,
				56336F02269D30B600392F42 /* EditDateCell.swift in Sources */,
				563D1FB3269844FD00A93B78 /* Reminder.swift in Sources */,
				563D1FBC2698C90300A93B78 /* ReminderListDataSource.swift in Sources */,
			);
			runOnlyForDeploymentPostprocessing = 0;
		};
/* End PBXSourcesBuildPhase section */

/* Begin PBXVariantGroup section */
		563D1FA326983EEF00A93B78 /* Main.storyboard */ = {
			isa = PBXVariantGroup;
			children = (
				563D1FA426983EEF00A93B78 /* Base */,
			);
			name = Main.storyboard;
			sourceTree = "<group>";
		};
		563D1FA826983EF000A93B78 /* LaunchScreen.storyboard */ = {
			isa = PBXVariantGroup;
			children = (
				563D1FA926983EF000A93B78 /* Base */,
			);
			name = LaunchScreen.storyboard;
			sourceTree = "<group>";
		};
/* End PBXVariantGroup section */

/* Begin XCBuildConfiguration section */
		563D1FAC26983EF000A93B78 /* Debug */ = {
			isa = XCBuildConfiguration;
			buildSettings = {
				ALWAYS_SEARCH_USER_PATHS = NO;
				CLANG_ANALYZER_NONNULL = YES;
				CLANG_ANALYZER_NUMBER_OBJECT_CONVERSION = YES_AGGRESSIVE;
				CLANG_CXX_LANGUAGE_STANDARD = "gnu++14";
				CLANG_CXX_LIBRARY = "libc++";
				CLANG_ENABLE_MODULES = YES;
				CLANG_ENABLE_OBJC_ARC = YES;
				CLANG_ENABLE_OBJC_WEAK = YES;
				CLANG_WARN_BLOCK_CAPTURE_AUTORELEASING = YES;
				CLANG_WARN_BOOL_CONVERSION = YES;
				CLANG_WARN_COMMA = YES;
				CLANG_WARN_CONSTANT_CONVERSION = YES;
				CLANG_WARN_DEPRECATED_OBJC_IMPLEMENTATIONS = YES;
				CLANG_WARN_DIRECT_OBJC_ISA_USAGE = YES_ERROR;
				CLANG_WARN_DOCUMENTATION_COMMENTS = YES;
				CLANG_WARN_EMPTY_BODY = YES;
				CLANG_WARN_ENUM_CONVERSION = YES;
				CLANG_WARN_INFINITE_RECURSION = YES;
				CLANG_WARN_INT_CONVERSION = YES;
				CLANG_WARN_NON_LITERAL_NULL_CONVERSION = YES;
				CLANG_WARN_OBJC_IMPLICIT_RETAIN_SELF = YES;
				CLANG_WARN_OBJC_LITERAL_CONVERSION = YES;
				CLANG_WARN_OBJC_ROOT_CLASS = YES_ERROR;
				CLANG_WARN_QUOTED_INCLUDE_IN_FRAMEWORK_HEADER = YES;
				CLANG_WARN_RANGE_LOOP_ANALYSIS = YES;
				CLANG_WARN_STRICT_PROTOTYPES = YES;
				CLANG_WARN_SUSPICIOUS_MOVE = YES;
				CLANG_WARN_UNGUARDED_AVAILABILITY = YES_AGGRESSIVE;
				CLANG_WARN_UNREACHABLE_CODE = YES;
				CLANG_WARN__DUPLICATE_METHOD_MATCH = YES;
				COPY_PHASE_STRIP = NO;
				DEBUG_INFORMATION_FORMAT = dwarf;
				ENABLE_STRICT_OBJC_MSGSEND = YES;
				ENABLE_TESTABILITY = YES;
				GCC_C_LANGUAGE_STANDARD = gnu11;
				GCC_DYNAMIC_NO_PIC = NO;
				GCC_NO_COMMON_BLOCKS = YES;
				GCC_OPTIMIZATION_LEVEL = 0;
				GCC_PREPROCESSOR_DEFINITIONS = (
					"DEBUG=1",
					"$(inherited)",
				);
				GCC_WARN_64_TO_32_BIT_CONVERSION = YES;
				GCC_WARN_ABOUT_RETURN_TYPE = YES_ERROR;
				GCC_WARN_UNDECLARED_SELECTOR = YES;
				GCC_WARN_UNINITIALIZED_AUTOS = YES_AGGRESSIVE;
				GCC_WARN_UNUSED_FUNCTION = YES;
				GCC_WARN_UNUSED_VARIABLE = YES;
				IPHONEOS_DEPLOYMENT_TARGET = 13.6;
				MTL_ENABLE_DEBUG_INFO = INCLUDE_SOURCE;
				MTL_FAST_MATH = YES;
				ONLY_ACTIVE_ARCH = YES;
				SDKROOT = iphoneos;
				SWIFT_ACTIVE_COMPILATION_CONDITIONS = DEBUG;
				SWIFT_OPTIMIZATION_LEVEL = "-Onone";
			};
			name = Debug;
		};
		563D1FAD26983EF000A93B78 /* Release */ = {
			isa = XCBuildConfiguration;
			buildSettings = {
				ALWAYS_SEARCH_USER_PATHS = NO;
				CLANG_ANALYZER_NONNULL = YES;
				CLANG_ANALYZER_NUMBER_OBJECT_CONVERSION = YES_AGGRESSIVE;
				CLANG_CXX_LANGUAGE_STANDARD = "gnu++14";
				CLANG_CXX_LIBRARY = "libc++";
				CLANG_ENABLE_MODULES = YES;
				CLANG_ENABLE_OBJC_ARC = YES;
				CLANG_ENABLE_OBJC_WEAK = YES;
				CLANG_WARN_BLOCK_CAPTURE_AUTORELEASING = YES;
				CLANG_WARN_BOOL_CONVERSION = YES;
				CLANG_WARN_COMMA = YES;
				CLANG_WARN_CONSTANT_CONVERSION = YES;
				CLANG_WARN_DEPRECATED_OBJC_IMPLEMENTATIONS = YES;
				CLANG_WARN_DIRECT_OBJC_ISA_USAGE = YES_ERROR;
				CLANG_WARN_DOCUMENTATION_COMMENTS = YES;
				CLANG_WARN_EMPTY_BODY = YES;
				CLANG_WARN_ENUM_CONVERSION = YES;
				CLANG_WARN_INFINITE_RECURSION = YES;
				CLANG_WARN_INT_CONVERSION = YES;
				CLANG_WARN_NON_LITERAL_NULL_CONVERSION = YES;
				CLANG_WARN_OBJC_IMPLICIT_RETAIN_SELF = YES;
				CLANG_WARN_OBJC_LITERAL_CONVERSION = YES;
				CLANG_WARN_OBJC_ROOT_CLASS = YES_ERROR;
				CLANG_WARN_QUOTED_INCLUDE_IN_FRAMEWORK_HEADER = YES;
				CLANG_WARN_RANGE_LOOP_ANALYSIS = YES;
				CLANG_WARN_STRICT_PROTOTYPES = YES;
				CLANG_WARN_SUSPICIOUS_MOVE = YES;
				CLANG_WARN_UNGUARDED_AVAILABILITY = YES_AGGRESSIVE;
				CLANG_WARN_UNREACHABLE_CODE = YES;
				CLANG_WARN__DUPLICATE_METHOD_MATCH = YES;
				COPY_PHASE_STRIP = NO;
				DEBUG_INFORMATION_FORMAT = "dwarf-with-dsym";
				ENABLE_NS_ASSERTIONS = NO;
				ENABLE_STRICT_OBJC_MSGSEND = YES;
				GCC_C_LANGUAGE_STANDARD = gnu11;
				GCC_NO_COMMON_BLOCKS = YES;
				GCC_WARN_64_TO_32_BIT_CONVERSION = YES;
				GCC_WARN_ABOUT_RETURN_TYPE = YES_ERROR;
				GCC_WARN_UNDECLARED_SELECTOR = YES;
				GCC_WARN_UNINITIALIZED_AUTOS = YES_AGGRESSIVE;
				GCC_WARN_UNUSED_FUNCTION = YES;
				GCC_WARN_UNUSED_VARIABLE = YES;
				IPHONEOS_DEPLOYMENT_TARGET = 13.6;
				MTL_ENABLE_DEBUG_INFO = NO;
				MTL_FAST_MATH = YES;
				SDKROOT = iphoneos;
				SWIFT_COMPILATION_MODE = wholemodule;
				SWIFT_OPTIMIZATION_LEVEL = "-O";
				VALIDATE_PRODUCT = YES;
			};
			name = Release;
		};
		563D1FAF26983EF000A93B78 /* Debug */ = {
			isa = XCBuildConfiguration;
			buildSettings = {
				ASSETCATALOG_COMPILER_APPICON_NAME = AppIcon;
				ASSETCATALOG_COMPILER_GLOBAL_ACCENT_COLOR_NAME = AccentColor;
				CODE_SIGN_STYLE = Automatic;
				INFOPLIST_FILE = Today/Info.plist;
				LD_RUNPATH_SEARCH_PATHS = (
					"$(inherited)",
					"@executable_path/Frameworks",
				);
				PRODUCT_BUNDLE_IDENTIFIER = com.KyungminLee.Today;
				PRODUCT_NAME = "$(TARGET_NAME)";
				SWIFT_VERSION = 5.0;
				TARGETED_DEVICE_FAMILY = "1,2";
			};
			name = Debug;
		};
		563D1FB026983EF000A93B78 /* Release */ = {
			isa = XCBuildConfiguration;
			buildSettings = {
				ASSETCATALOG_COMPILER_APPICON_NAME = AppIcon;
				ASSETCATALOG_COMPILER_GLOBAL_ACCENT_COLOR_NAME = AccentColor;
				CODE_SIGN_STYLE = Automatic;
				INFOPLIST_FILE = Today/Info.plist;
				LD_RUNPATH_SEARCH_PATHS = (
					"$(inherited)",
					"@executable_path/Frameworks",
				);
				PRODUCT_BUNDLE_IDENTIFIER = com.KyungminLee.Today;
				PRODUCT_NAME = "$(TARGET_NAME)";
				SWIFT_VERSION = 5.0;
				TARGETED_DEVICE_FAMILY = "1,2";
			};
			name = Release;
		};
/* End XCBuildConfiguration section */

/* Begin XCConfigurationList section */
		563D1F9526983EEF00A93B78 /* Build configuration list for PBXProject "Today" */ = {
			isa = XCConfigurationList;
			buildConfigurations = (
				563D1FAC26983EF000A93B78 /* Debug */,
				563D1FAD26983EF000A93B78 /* Release */,
			);
			defaultConfigurationIsVisible = 0;
			defaultConfigurationName = Release;
		};
		563D1FAE26983EF000A93B78 /* Build configuration list for PBXNativeTarget "Today" */ = {
			isa = XCConfigurationList;
			buildConfigurations = (
				563D1FAF26983EF000A93B78 /* Debug */,
				563D1FB026983EF000A93B78 /* Release */,
			);
			defaultConfigurationIsVisible = 0;
			defaultConfigurationName = Release;
		};
/* End XCConfigurationList section */
	};
	rootObject = 563D1F9226983EEF00A93B78 /* Project object */;
}
